hash: 9b611f731eede8459384066c72621db323587487bf7e0b258b99f6e68f2e22ad
updated: 2016-07-12T13:28:59.90127957-07:00
imports:
- name: github.com/davecgh/go-spew
  version: 5215b55f46b2b919f50a1df0eaa5886afe4e3b3d
  subpackages:
  - spew
- name: github.com/pmezard/go-difflib
  version: 792786c7400a136282c1664665ae0a8db921c6c2
  subpackages:
  - difflib
- name: github.com/stretchr/testify
  version: d77da356e56a7428ad25149ca77381849a6a5232
  subpackages:
  - assert
  - require
- name: github.com/thriftrw/thriftrw-go
  version: 6a46a23b8d110c099d76f87d4b548806ffab9614
  subpackages:
  - protocol
  - wire
  - protocol/binary
  - envelope
  - envelope/internal/exception
- name: github.com/uber-go/atomic
  version: e682c1008ac17bf26d2e4b5ad6cdd08520ed0b22
- name: github.com/uber/tchannel-go
  version: f9e40ff1212a2542e21d8b55510079aabac0cf66
  subpackages:
  - relay
  - tnet
  - trand
  - typed
- name: github.com/yarpc/yarpc-go
  version: 6d8b6f2b70c66f7ca3667086b24aa33b2e757ff0
  subpackages:
  - encoding/thrift
  - transport
  - transport/tchannel
  - internal
  - internal/baggage
  - internal/filter
  - internal/interceptor
  - internal/request
  - internal/sync
  - encoding/thrift/internal
  - internal/encoding
  - internal/meta
  - internal/errors
  - transport/tchannel/internal
- name: golang.org/x/net
  version: f841c39de738b1d0df95b5a7187744f0e03d8112
  subpackages:
  - context
  - context/ctxhttp
devImports: []
